
Microsoft Visual Studio Solution File, Format Version 12.00
# Visual Studio Version 16
VisualStudioVersion = 16.0.29519.87
MinimumVisualStudioVersion = 10.0.40219.1
Project("{9A19103F-16F7-4668-BE54-9A1E7A4F7556}") = "Barayand", "Barayand\Barayand.csproj", "{9879F0FE-F249-485C-B7FC-07F22CF71E6F}"
EndProject
Project("{9A19103F-16F7-4668-BE54-9A1E7A4F7556}") = "Barayand.DAL", "Barayand.DAL\Barayand.DAL.csproj", "{691AF3D8-9E64-4E7E-BCE3-64BE2EF93A9C}"
EndProject
Project("{9A19103F-16F7-4668-BE54-9A1E7A4F7556}") = "Barayand.BLL", "Barayand.BLL\Barayand.BLL.csproj", "{0CA4B229-B443-46BD-827E-3D4F06A9894B}"
EndProject
Project("{9A19103F-16F7-4668-BE54-9A1E7A4F7556}") = "Barayand.Models", "Barayand.Models\Barayand.Models.csproj", "{DD5FFE35-3752-4220-B52A-75A60945994D}"
EndProject
Project("{9A19103F-16F7-4668-BE54-9A1E7A4F7556}") = "Barayand.OutModels", "Barayand.OutModels\Barayand.OutModels.csproj", "{E5B67CD7-88A8-45C8-B87C-8C91E61C501D}"
EndProject
Project("{9A19103F-16F7-4668-BE54-9A1E7A4F7556}") = "Barayand.Common", "Barayand.Common\Barayand.Common.csproj", "{AE0098DD-9193-44C1-9B6A-AD9630506C1A}"
EndProject
Project("{9A19103F-16F7-4668-BE54-9A1E7A4F7556}") = "Barayand.Services", "Services\Barayand.Services.csproj", "{64794ACC-4C7E-489C-9BF9-1F86CBD8031E}"
EndProject
Global
	GlobalSection(SolutionConfigurationPlatforms) = preSolution
		Debug|Any CPU = Debug|Any CPU
		Release|Any CPU = Release|Any CPU
	EndGlobalSection
	GlobalSection(ProjectConfigurationPlatforms) = postSolution
		{9879F0FE-F249-485C-B7FC-07F22CF71E6F}.Debug|Any CPU.ActiveCfg = Debug|Any CPU
		{9879F0FE-F249-485C-B7FC-07F22CF71E6F}.Debug|Any CPU.Build.0 = Debug|Any CPU
		{9879F0FE-F249-485C-B7FC-07F22CF71E6F}.Release|Any CPU.ActiveCfg = Release|Any CPU
		{9879F0FE-F249-485C-B7FC-07F22CF71E6F}.Release|Any CPU.Build.0 = Release|Any CPU
		{691AF3D8-9E64-4E7E-BCE3-64BE2EF93A9C}.Debug|Any CPU.ActiveCfg = Debug|Any CPU
		{691AF3D8-9E64-4E7E-BCE3-64BE2EF93A9C}.Debug|Any CPU.Build.0 = Debug|Any CPU
		{691AF3D8-9E64-4E7E-BCE3-64BE2EF93A9C}.Release|Any CPU.ActiveCfg = Release|Any CPU
		{691AF3D8-9E64-4E7E-BCE3-64BE2EF93A9C}.Release|Any CPU.Build.0 = Release|Any CPU
		{0CA4B229-B443-46BD-827E-3D4F06A9894B}.Debug|Any CPU.ActiveCfg = Debug|Any CPU
		{0CA4B229-B443-46BD-827E-3D4F06A9894B}.Debug|Any CPU.Build.0 = Debug|Any CPU
		{0CA4B229-B443-46BD-827E-3D4F06A9894B}.Release|Any CPU.ActiveCfg = Release|Any CPU
		{0CA4B229-B443-46BD-827E-3D4F06A9894B}.Release|Any CPU.Build.0 = Release|Any CPU
		{DD5FFE35-3752-4220-B52A-75A60945994D}.Debug|Any CPU.ActiveCfg = Debug|Any CPU
		{DD5FFE35-3752-4220-B52A-75A60945994D}.Debug|Any CPU.Build.0 = Debug|Any CPU
		{DD5FFE35-3752-4220-B52A-75A60945994D}.Release|Any CPU.ActiveCfg = Release|Any CPU
		{DD5FFE35-3752-4220-B52A-75A60945994D}.Release|Any CPU.Build.0 = Release|Any CPU
		{E5B67CD7-88A8-45C8-B87C-8C91E61C501D}.Debug|Any CPU.ActiveCfg = Debug|Any CPU
		{E5B67CD7-88A8-45C8-B87C-8C91E61C501D}.Debug|Any CPU.Build.0 = Debug|Any CPU
		{E5B67CD7-88A8-45C8-B87C-8C91E61C501D}.Release|Any CPU.ActiveCfg = Release|Any CPU
		{E5B67CD7-88A8-45C8-B87C-8C91E61C501D}.Release|Any CPU.Build.0 = Release|Any CPU
		{AE0098DD-9193-44C1-9B6A-AD9630506C1A}.Debug|Any CPU.ActiveCfg = Debug|Any CPU
		{AE0098DD-9193-44C1-9B6A-AD9630506C1A}.Debug|Any CPU.Build.0 = Debug|Any CPU
		{AE0098DD-9193-44C1-9B6A-AD9630506C1A}.Release|Any CPU.ActiveCfg = Release|Any CPU
		{AE0098DD-9193-44C1-9B6A-AD9630506C1A}.Release|Any CPU.Build.0 = Release|Any CPU
		{64794ACC-4C7E-489C-9BF9-1F86CBD8031E}.Debug|Any CPU.ActiveCfg = Debug|Any CPU
		{64794ACC-4C7E-489C-9BF9-1F86CBD8031E}.Debug|Any CPU.Build.0 = Debug|Any CPU
		{64794ACC-4C7E-489C-9BF9-1F86CBD8031E}.Release|Any CPU.ActiveCfg = Release|Any CPU
		{64794ACC-4C7E-489C-9BF9-1F86CBD8031E}.Release|Any CPU.Build.0 = Release|Any CPU
	EndGlobalSection
	GlobalSection(SolutionProperties) = preSolution
		HideSolutionNode = FALSE
	EndGlobalSection
	GlobalSection(ExtensibilityGlobals) = postSolution
		SolutionGuid = {4A12AC30-2C02-4A55-AAD6-A64C59E3BF08}
	EndGlobalSection
EndGlobal
